
Microsoft Visual Studio Solution File, Format Version 12.00
# Visual Studio Version 16
VisualStudioVersion = 16.0.32106.194
MinimumVisualStudioVersion = 10.0.40219.1
Project("{FAE04EC0-301F-11D3-BF4B-00C04F79EFBC}") = "bara_p1", "bara_p1\bara_p1.csproj", "{5DA84D9C-9A0A-43A5-A451-9086F18D4DCD}"
EndProject
Global
	GlobalSection(SolutionConfigurationPlatforms) = preSolution
		Debug|Any CPU = Debug|Any CPU
		Release|Any CPU = Release|Any CPU
	EndGlobalSection
	GlobalSection(ProjectConfigurationPlatforms) = postSolution
		{5DA84D9C-9A0A-43A5-A451-9086F18D4DCD}.Debug|Any CPU.ActiveCfg = Debug|Any CPU
		{5DA84D9C-9A0A-43A5-A451-9086F18D4DCD}.Debug|Any CPU.Build.0 = Debug|Any CPU
		{5DA84D9C-9A0A-43A5-A451-9086F18D4DCD}.Release|Any CPU.ActiveCfg = Release|Any CPU
		{5DA84D9C-9A0A-43A5-A451-9086F18D4DCD}.Release|Any CPU.Build.0 = Release|Any CPU
	EndGlobalSection
	GlobalSection(SolutionProperties) = preSolution
		HideSolutionNode = FALSE
	EndGlobalSection
	GlobalSection(ExtensibilityGlobals) = postSolution
		SolutionGuid = {67EE6C75-8112-4926-9126-862D4654D855}
	EndGlobalSection
EndGlobal
